
Microsoft Visual Studio Solution File, Format Version 12.00
# Visual Studio Version 16
VisualStudioVersion = 16.0.33328.57
MinimumVisualStudioVersion = 10.0.40219.1
Project("{FAE04EC0-301F-11D3-BF4B-00C04F79EFBC}") = "SkillFactory_5_5_8", "SkillFactory_5_5_8.csproj", "{BCDF1852-EFC9-4A47-A782-F07A70CC0159}"
EndProject
Global
	GlobalSection(SolutionConfigurationPlatforms) = preSolution
		Debug|Any CPU = Debug|Any CPU
		Release|Any CPU = Release|Any CPU
	EndGlobalSection
	GlobalSection(ProjectConfigurationPlatforms) = postSolution
		{BCDF1852-EFC9-4A47-A782-F07A70CC0159}.Debug|Any CPU.ActiveCfg = Debug|Any CPU
		{BCDF1852-EFC9-4A47-A782-F07A70CC0159}.Debug|Any CPU.Build.0 = Debug|Any CPU
		{BCDF1852-EFC9-4A47-A782-F07A70CC0159}.Release|Any CPU.ActiveCfg = Release|Any CPU
		{BCDF1852-EFC9-4A47-A782-F07A70CC0159}.Release|Any CPU.Build.0 = Release|Any CPU
	EndGlobalSection
	GlobalSection(SolutionProperties) = preSolution
		HideSolutionNode = FALSE
	EndGlobalSection
	GlobalSection(ExtensibilityGlobals) = postSolution
		SolutionGuid = {778DCFEC-CFDA-448B-A723-DB6B73EE39FD}
	EndGlobalSection
EndGlobal
